
Microsoft Visual Studio Solution File, Format Version 12.00
# Visual Studio 15
VisualStudioVersion = 15.0.27703.2042
MinimumVisualStudioVersion = 10.0.40219.1
Project("{FAE04EC0-301F-11D3-BF4B-00C04F79EFBC}") = "表白信", "表白信\表白信.csproj", "{89B12C64-94A9-4F8A-A9AD-0C51A05A6308}"
EndProject
Global
	GlobalSection(SolutionConfigurationPlatforms) = preSolution
		Debug|Any CPU = Debug|Any CPU
		Release|Any CPU = Release|Any CPU
	EndGlobalSection
	GlobalSection(ProjectConfigurationPlatforms) = postSolution
		{89B12C64-94A9-4F8A-A9AD-0C51A05A6308}.Debug|Any CPU.ActiveCfg = Debug|Any CPU
		{89B12C64-94A9-4F8A-A9AD-0C51A05A6308}.Debug|Any CPU.Build.0 = Debug|Any CPU
		{89B12C64-94A9-4F8A-A9AD-0C51A05A6308}.Release|Any CPU.ActiveCfg = Release|Any CPU
		{89B12C64-94A9-4F8A-A9AD-0C51A05A6308}.Release|Any CPU.Build.0 = Release|Any CPU
	EndGlobalSection
	GlobalSection(SolutionProperties) = preSolution
		HideSolutionNode = FALSE
	EndGlobalSection
	GlobalSection(ExtensibilityGlobals) = postSolution
		SolutionGuid = {1EA998C0-6847-4095-9305-C2FFA48E703B}
	EndGlobalSection
EndGlobal
